
Microsoft Visual Studio Solution File, Format Version 12.00
# Visual Studio Version 16
VisualStudioVersion = 16.0.30717.126
MinimumVisualStudioVersion = 10.0.40219.1
Project("{FAE04EC0-301F-11D3-BF4B-00C04F79EFBC}") = "Lottery_System", "Lottery_System\Lottery_System.csproj", "{795E769A-DBED-47C2-B2A4-D5C4E6FDC43A}"
EndProject
Global
	GlobalSection(SolutionConfigurationPlatforms) = preSolution
		Debug|Any CPU = Debug|Any CPU
		Release|Any CPU = Release|Any CPU
	EndGlobalSection
	GlobalSection(ProjectConfigurationPlatforms) = postSolution
		{795E769A-DBED-47C2-B2A4-D5C4E6FDC43A}.Debug|Any CPU.ActiveCfg = Debug|Any CPU
		{795E769A-DBED-47C2-B2A4-D5C4E6FDC43A}.Debug|Any CPU.Build.0 = Debug|Any CPU
		{795E769A-DBED-47C2-B2A4-D5C4E6FDC43A}.Release|Any CPU.ActiveCfg = Release|Any CPU
		{795E769A-DBED-47C2-B2A4-D5C4E6FDC43A}.Release|Any CPU.Build.0 = Release|Any CPU
	EndGlobalSection
	GlobalSection(SolutionProperties) = preSolution
		HideSolutionNode = FALSE
	EndGlobalSection
	GlobalSection(ExtensibilityGlobals) = postSolution
		SolutionGuid = {AAD3BE44-456F-47FD-8D37-A2B2A9C42B0E}
	EndGlobalSection
EndGlobal
